// !$*UTF8*$!
{
	archiveVersion = 1;
	classes = {
	};
	objectVersion = 50;
	objects = {

/* Begin PBXBuildFile section */
		3D1FBF7128FEEDB700F8E4C2 /* VCR_OSD_MONO_1.001.ttf in Resources */ = {isa = PBXBuildFile; fileRef = 3D1FBF7028FEEDA500F8E4C2 /* VCR_OSD_MONO_1.001.ttf */; };
		3D22B97B28C78C800016621D /* AppDelegate.swift in Sources */ = {isa = PBXBuildFile; fileRef = 3D22B97A28C78C800016621D /* AppDelegate.swift */; };
		3D22B97D28C78C800016621D /* ViewController.swift in Sources */ = {isa = PBXBuildFile; fileRef = 3D22B97C28C78C800016621D /* ViewController.swift */; };
		3D22B98028C78C800016621D /* Main.storyboard in Resources */ = {isa = PBXBuildFile; fileRef = 3D22B97E28C78C800016621D /* Main.storyboard */; };
		3D22B98228C78C850016621D /* Assets.xcassets in Resources */ = {isa = PBXBuildFile; fileRef = 3D22B98128C78C850016621D /* Assets.xcassets */; };
		3D22B98528C78C850016621D /* LaunchScreen.storyboard in Resources */ = {isa = PBXBuildFile; fileRef = 3D22B98328C78C850016621D /* LaunchScreen.storyboard */; };
		3D2E616E28CA3B5300A1E6B0 /* song.mp3 in Resources */ = {isa = PBXBuildFile; fileRef = 3D2E616D28CA3B5300A1E6B0 /* song.mp3 */; };
		3D3A891A28D0C7250058F3C9 /* ship.mp3 in Resources */ = {isa = PBXBuildFile; fileRef = 3D3A891928D0C7250058F3C9 /* ship.mp3 */; };
		3D3A891C28D0C7450058F3C9 /* Outpost.mp3 in Resources */ = {isa = PBXBuildFile; fileRef = 3D3A891B28D0C7440058F3C9 /* Outpost.mp3 */; };
		3D3A891E28D0C7680058F3C9 /* station.mp3 in Resources */ = {isa = PBXBuildFile; fileRef = 3D3A891D28D0C7680058F3C9 /* station.mp3 */; };
/* End PBXBuildFile section */

/* Begin PBXFileReference section */
		3D1FBF7028FEEDA500F8E4C2 /* VCR_OSD_MONO_1.001.ttf */ = {isa = PBXFileReference; lastKnownFileType = file; name = VCR_OSD_MONO_1.001.ttf; path = "../../../../../Volumes/STORE N GO/Moviles/Proyecto_parcial_web_1/VCR_OSD_MONO_1.001.ttf"; sourceTree = "<group>"; };
		3D22B97728C78C800016621D /* App_primer_parcial_gp.app */ = {isa = PBXFileReference; explicitFileType = wrapper.application; includeInIndex = 0; path = App_primer_parcial_gp.app; sourceTree = BUILT_PRODUCTS_DIR; };
		3D22B97A28C78C800016621D /* AppDelegate.swift */ = {isa = PBXFileReference; lastKnownFileType = sourcecode.swift; path = AppDelegate.swift; sourceTree = "<group>"; };
		3D22B97C28C78C800016621D /* ViewController.swift */ = {isa = PBXFileReference; lastKnownFileType = sourcecode.swift; path = ViewController.swift; sourceTree = "<group>"; };
		3D22B97F28C78C800016621D /* Base */ = {isa = PBXFileReference; lastKnownFileType = file.storyboard; name = Base; path = Base.lproj/Main.storyboard; sourceTree = "<group>"; };
		3D22B98128C78C850016621D /* Assets.xcassets */ = {isa = PBXFileReference; lastKnownFileType = folder.assetcatalog; path = Assets.xcassets; sourceTree = "<group>"; };
		3D22B98428C78C850016621D /* Base */ = {isa = PBXFileReference; lastKnownFileType = file.storyboard; name = Base; path = Base.lproj/LaunchScreen.storyboard; sourceTree = "<group>"; };
		3D22B98628C78C850016621D /* Info.plist */ = {isa = PBXFileReference; lastKnownFileType = text.plist.xml; path = Info.plist; sourceTree = "<group>"; };
		3D2E616D28CA3B5300A1E6B0 /* song.mp3 */ = {isa = PBXFileReference; lastKnownFileType = audio.mp3; path = song.mp3; sourceTree = "<group>"; };
		3D3A891928D0C7250058F3C9 /* ship.mp3 */ = {isa = PBXFileReference; lastKnownFileType = audio.mp3; path = ship.mp3; sourceTree = "<group>"; };
		3D3A891B28D0C7440058F3C9 /* Outpost.mp3 */ = {isa = PBXFileReference; lastKnownFileType = audio.mp3; path = Outpost.mp3; sourceTree = "<group>"; };
		3D3A891D28D0C7680058F3C9 /* station.mp3 */ = {isa = PBXFileReference; lastKnownFileType = audio.mp3; path = station.mp3; sourceTree = "<group>"; };
/* End PBXFileReference section */

/* Begin PBXFrameworksBuildPhase section */
		3D22B97428C78C7F0016621D /* Frameworks */ = {
			isa = PBXFrameworksBuildPhase;
			buildActionMask = 2147483647;
			files = (
			);
			runOnlyForDeploymentPostprocessing = 0;
		};
/* End PBXFrameworksBuildPhase section */

/* Begin PBXGroup section */
		3D22B96E28C78C7F0016621D = {
			isa = PBXGroup;
			children = (
				3D22B97928C78C800016621D /* App_primer_parcial_gp */,
				3D22B97828C78C800016621D /* Products */,
			);
			sourceTree = "<group>";
		};
		3D22B97828C78C800016621D /* Products */ = {
			isa = PBXGroup;
			children = (
				3D22B97728C78C800016621D /* App_primer_parcial_gp.app */,
			);
			name = Products;
			sourceTree = "<group>";
		};
		3D22B97928C78C800016621D /* App_primer_parcial_gp */ = {
			isa = PBXGroup;
			children = (
				3D3A891928D0C7250058F3C9 /* ship.mp3 */,
				3D3A891D28D0C7680058F3C9 /* station.mp3 */,
				3D3A891B28D0C7440058F3C9 /* Outpost.mp3 */,
				3D1FBF7028FEEDA500F8E4C2 /* VCR_OSD_MONO_1.001.ttf */,
				3D2E616D28CA3B5300A1E6B0 /* song.mp3 */,
				3D22B97A28C78C800016621D /* AppDelegate.swift */,
				3D22B97C28C78C800016621D /* ViewController.swift */,
				3D22B97E28C78C800016621D /* Main.storyboard */,
				3D22B98128C78C850016621D /* Assets.xcassets */,
				3D22B98328C78C850016621D /* LaunchScreen.storyboard */,
				3D22B98628C78C850016621D /* Info.plist */,
			);
			path = App_primer_parcial_gp;
			sourceTree = "<group>";
		};
/* End PBXGroup section */

/* Begin PBXNativeTarget section */
		3D22B97628C78C7F0016621D /* App_primer_parcial_gp */ = {
			isa = PBXNativeTarget;
			buildConfigurationList = 3D22B98928C78C850016621D /* Build configuration list for PBXNativeTarget "App_primer_parcial_gp" */;
			buildPhases = (
				3D22B97328C78C7F0016621D /* Sources */,
				3D22B97428C78C7F0016621D /* Frameworks */,
				3D22B97528C78C7F0016621D /* Resources */,
			);
			buildRules = (
			);
			dependencies = (
			);
			name = App_primer_parcial_gp;
			productName = App_primer_parcial_gp;
			productReference = 3D22B97728C78C800016621D /* App_primer_parcial_gp.app */;
			productType = "com.apple.product-type.application";
		};
/* End PBXNativeTarget section */

/* Begin PBXProject section */
		3D22B96F28C78C7F0016621D /* Project object */ = {
			isa = PBXProject;
			attributes = {
				LastSwiftUpdateCheck = 0940;
				LastUpgradeCheck = 0940;
				ORGANIZATIONNAME = ULSA;
				TargetAttributes = {
					3D22B97628C78C7F0016621D = {
						CreatedOnToolsVersion = 9.4.1;
					};
				};
			};
			buildConfigurationList = 3D22B97228C78C7F0016621D /* Build configuration list for PBXProject "App_primer_parcial_gp" */;
			compatibilityVersion = "Xcode 9.3";
			developmentRegion = en;
			hasScannedForEncodings = 0;
			knownRegions = (
				en,
				Base,
			);
			mainGroup = 3D22B96E28C78C7F0016621D;
			productRefGroup = 3D22B97828C78C800016621D /* Products */;
			projectDirPath = "";
			projectRoot = "";
			targets = (
				3D22B97628C78C7F0016621D /* App_primer_parcial_gp */,
			);
		};
/* End PBXProject section */

/* Begin PBXResourcesBuildPhase section */
		3D22B97528C78C7F0016621D /* Resources */ = {
			isa = PBXResourcesBuildPhase;
			buildActionMask = 2147483647;
			files = (
				3D1FBF7128FEEDB700F8E4C2 /* VCR_OSD_MONO_1.001.ttf in Resources */,
				3D22B98528C78C850016621D /* LaunchScreen.storyboard in Resources */,
				3D3A891A28D0C7250058F3C9 /* ship.mp3 in Resources */,
				3D3A891E28D0C7680058F3C9 /* station.mp3 in Resources */,
				3D22B98228C78C850016621D /* Assets.xcassets in Resources */,
				3D2E616E28CA3B5300A1E6B0 /* song.mp3 in Resources */,
				3D22B98028C78C800016621D /* Main.storyboard in Resources */,
				3D3A891C28D0C7450058F3C9 /* Outpost.mp3 in Resources */,
			);
			runOnlyForDeploymentPostprocessing = 0;
		};
/* End PBXResourcesBuildPhase section */

/* Begin PBXSourcesBuildPhase section */
		3D22B97328C78C7F0016621D /* Sources */ = {
			isa = PBXSourcesBuildPhase;
			buildActionMask = 2147483647;
			files = (
				3D22B97D28C78C800016621D /* ViewController.swift in Sources */,
				3D22B97B28C78C800016621D /* AppDelegate.swift in Sources */,
			);
			runOnlyForDeploymentPostprocessing = 0;
		};
/* End PBXSourcesBuildPhase section */

/* Begin PBXVariantGroup section */
		3D22B97E28C78C800016621D /* Main.storyboard */ = {
			isa = PBXVariantGroup;
			children = (
				3D22B97F28C78C800016621D /* Base */,
			);
			name = Main.storyboard;
			sourceTree = "<group>";
		};
		3D22B98328C78C850016621D /* LaunchScreen.storyboard */ = {
			isa = PBXVariantGroup;
			children = (
				3D22B98428C78C850016621D /* Base */,
			);
			name = LaunchScreen.storyboard;
			sourceTree = "<group>";
		};
/* End PBXVariantGroup section */

/* Begin XCBuildConfiguration section */
		3D22B98728C78C850016621D /* Debug */ = {
			isa = XCBuildConfiguration;
			buildSettings = {
				ALWAYS_SEARCH_USER_PATHS = NO;
				CLANG_ANALYZER_NONNULL = YES;
				CLANG_ANALYZER_NUMBER_OBJECT_CONVERSION = YES_AGGRESSIVE;
				CLANG_CXX_LANGUAGE_STANDARD = "gnu++14";
				CLANG_CXX_LIBRARY = "libc++";
				CLANG_ENABLE_MODULES = YES;
				CLANG_ENABLE_OBJC_ARC = YES;
				CLANG_ENABLE_OBJC_WEAK = YES;
				CLANG_WARN_BLOCK_CAPTURE_AUTORELEASING = YES;
				CLANG_WARN_BOOL_CONVERSION = YES;
				CLANG_WARN_COMMA = YES;
				CLANG_WARN_CONSTANT_CONVERSION = YES;
				CLANG_WARN_DEPRECATED_OBJC_IMPLEMENTATIONS = YES;
				CLANG_WARN_DIRECT_OBJC_ISA_USAGE = YES_ERROR;
				CLANG_WARN_DOCUMENTATION_COMMENTS = YES;
				CLANG_WARN_EMPTY_BODY = YES;
				CLANG_WARN_ENUM_CONVERSION = YES;
				CLANG_WARN_INFINITE_RECURSION = YES;
				CLANG_WARN_INT_CONVERSION = YES;
				CLANG_WARN_NON_LITERAL_NULL_CONVERSION = YES;
				CLANG_WARN_OBJC_IMPLICIT_RETAIN_SELF = YES;
				CLANG_WARN_OBJC_LITERAL_CONVERSION = YES;
				CLANG_WARN_OBJC_ROOT_CLASS = YES_ERROR;
				CLANG_WARN_RANGE_LOOP_ANALYSIS = YES;
				CLANG_WARN_STRICT_PROTOTYPES = YES;
				CLANG_WARN_SUSPICIOUS_MOVE = YES;
				CLANG_WARN_UNGUARDED_AVAILABILITY = YES_AGGRESSIVE;
				CLANG_WARN_UNREACHABLE_CODE = YES;
				CLANG_WARN__DUPLICATE_METHOD_MATCH = YES;
				CODE_SIGN_IDENTITY = "iPhone Developer";
				COPY_PHASE_STRIP = NO;
				DEBUG_INFORMATION_FORMAT = dwarf;
				ENABLE_STRICT_OBJC_MSGSEND = YES;
				ENABLE_TESTABILITY = YES;
				GCC_C_LANGUAGE_STANDARD = gnu11;
				GCC_DYNAMIC_NO_PIC = NO;
				GCC_NO_COMMON_BLOCKS = YES;
				GCC_OPTIMIZATION_LEVEL = 0;
				GCC_PREPROCESSOR_DEFINITIONS = (
					"DEBUG=1",
					"$(inherited)",
				);
				GCC_WARN_64_TO_32_BIT_CONVERSION = YES;
				GCC_WARN_ABOUT_RETURN_TYPE = YES_ERROR;
				GCC_WARN_UNDECLARED_SELECTOR = YES;
				GCC_WARN_UNINITIALIZED_AUTOS = YES_AGGRESSIVE;
				GCC_WARN_UNUSED_FUNCTION = YES;
				GCC_WARN_UNUSED_VARIABLE = YES;
				IPHONEOS_DEPLOYMENT_TARGET = 11.4;
				MTL_ENABLE_DEBUG_INFO = YES;
				ONLY_ACTIVE_ARCH = YES;
				SDKROOT = iphoneos;
				SWIFT_ACTIVE_COMPILATION_CONDITIONS = DEBUG;
				SWIFT_OPTIMIZATION_LEVEL = "-Onone";
			};
			name = Debug;
		};
		3D22B98828C78C850016621D /* Release */ = {
			isa = XCBuildConfiguration;
			buildSettings = {
				ALWAYS_SEARCH_USER_PATHS = NO;
				CLANG_ANALYZER_NONNULL = YES;
				CLANG_ANALYZER_NUMBER_OBJECT_CONVERSION = YES_AGGRESSIVE;
				CLANG_CXX_LANGUAGE_STANDARD = "gnu++14";
				CLANG_CXX_LIBRARY = "libc++";
				CLANG_ENABLE_MODULES = YES;
				CLANG_ENABLE_OBJC_ARC = YES;
				CLANG_ENABLE_OBJC_WEAK = YES;
				CLANG_WARN_BLOCK_CAPTURE_AUTORELEASING = YES;
				CLANG_WARN_BOOL_CONVERSION = YES;
				CLANG_WARN_COMMA = YES;
				CLANG_WARN_CONSTANT_CONVERSION = YES;
				CLANG_WARN_DEPRECATED_OBJC_IMPLEMENTATIONS = YES;
				CLANG_WARN_DIRECT_OBJC_ISA_USAGE = YES_ERROR;
				CLANG_WARN_DOCUMENTATION_COMMENTS = YES;
				CLANG_WARN_EMPTY_BODY = YES;
				CLANG_WARN_ENUM_CONVERSION = YES;
				CLANG_WARN_INFINITE_RECURSION = YES;
				CLANG_WARN_INT_CONVERSION = YES;
				CLANG_WARN_NON_LITERAL_NULL_CONVERSION = YES;
				CLANG_WARN_OBJC_IMPLICIT_RETAIN_SELF = YES;
				CLANG_WARN_OBJC_LITERAL_CONVERSION = YES;
				CLANG_WARN_OBJC_ROOT_CLASS = YES_ERROR;
				CLANG_WARN_RANGE_LOOP_ANALYSIS = YES;
				CLANG_WARN_STRICT_PROTOTYPES = YES;
				CLANG_WARN_SUSPICIOUS_MOVE = YES;
				CLANG_WARN_UNGUARDED_AVAILABILITY = YES_AGGRESSIVE;
				CLANG_WARN_UNREACHABLE_CODE = YES;
				CLANG_WARN__DUPLICATE_METHOD_MATCH = YES;
				CODE_SIGN_IDENTITY = "iPhone Developer";
				COPY_PHASE_STRIP = NO;
				DEBUG_INFORMATION_FORMAT = "dwarf-with-dsym";
				ENABLE_NS_ASSERTIONS = NO;
				ENABLE_STRICT_OBJC_MSGSEND = YES;
				GCC_C_LANGUAGE_STANDARD = gnu11;
				GCC_NO_COMMON_BLOCKS = YES;
				GCC_WARN_64_TO_32_BIT_CONVERSION = YES;
				GCC_WARN_ABOUT_RETURN_TYPE = YES_ERROR;
				GCC_WARN_UNDECLARED_SELECTOR = YES;
				GCC_WARN_UNINITIALIZED_AUTOS = YES_AGGRESSIVE;
				GCC_WARN_UNUSED_FUNCTION = YES;
				GCC_WARN_UNUSED_VARIABLE = YES;
				IPHONEOS_DEPLOYMENT_TARGET = 11.4;
				MTL_ENABLE_DEBUG_INFO = NO;
				SDKROOT = iphoneos;
				SWIFT_COMPILATION_MODE = wholemodule;
				SWIFT_OPTIMIZATION_LEVEL = "-O";
				VALIDATE_PRODUCT = YES;
			};
			name = Release;
		};
		3D22B98A28C78C850016621D /* Debug */ = {
			isa = XCBuildConfiguration;
			buildSettings = {
				ASSETCATALOG_COMPILER_APPICON_NAME = AppIcon;
				CODE_SIGN_STYLE = Automatic;
				INFOPLIST_FILE = App_primer_parcial_gp/Info.plist;
				LD_RUNPATH_SEARCH_PATHS = (
					"$(inherited)",
					"@executable_path/Frameworks",
				);
				PRODUCT_BUNDLE_IDENTIFIER = "edu.ulsa.App-primer-parcial-gp";
				PRODUCT_NAME = "$(TARGET_NAME)";
				SWIFT_VERSION = 4.0;
				TARGETED_DEVICE_FAMILY = "1,2";
			};
			name = Debug;
		};
		3D22B98B28C78C850016621D /* Release */ = {
			isa = XCBuildConfiguration;
			buildSettings = {
				ASSETCATALOG_COMPILER_APPICON_NAME = AppIcon;
				CODE_SIGN_STYLE = Automatic;
				INFOPLIST_FILE = App_primer_parcial_gp/Info.plist;
				LD_RUNPATH_SEARCH_PATHS = (
					"$(inherited)",
					"@executable_path/Frameworks",
				);
				PRODUCT_BUNDLE_IDENTIFIER = "edu.ulsa.App-primer-parcial-gp";
				PRODUCT_NAME = "$(TARGET_NAME)";
				SWIFT_VERSION = 4.0;
				TARGETED_DEVICE_FAMILY = "1,2";
			};
			name = Release;
		};
/* End XCBuildConfiguration section */

/* Begin XCConfigurationList section */
		3D22B97228C78C7F0016621D /* Build configuration list for PBXProject "App_primer_parcial_gp" */ = {
			isa = XCConfigurationList;
			buildConfigurations = (
				3D22B98728C78C850016621D /* Debug */,
				3D22B98828C78C850016621D /* Release */,
			);
			defaultConfigurationIsVisible = 0;
			defaultConfigurationName = Release;
		};
		3D22B98928C78C850016621D /* Build configuration list for PBXNativeTarget "App_primer_parcial_gp" */ = {
			isa = XCConfigurationList;
			buildConfigurations = (
				3D22B98A28C78C850016621D /* Debug */,
				3D22B98B28C78C850016621D /* Release */,
			);
			defaultConfigurationIsVisible = 0;
			defaultConfigurationName = Release;
		};
/* End XCConfigurationList section */
	};
	rootObject = 3D22B96F28C78C7F0016621D /* Project object */;
}
